
Microsoft Visual Studio Solution File, Format Version 11.00
# Visual Studio 2010
Project("{FAE04EC0-301F-11D3-BF4B-00C04F79EFBC}") = "PlexCommerce.Web", "Web\PlexCommerce.Web.csproj", "{069B03B8-F196-4F43-A246-CD33CC468F4C}"
EndProject
Project("{FAE04EC0-301F-11D3-BF4B-00C04F79EFBC}") = "PlexCommerce.Data", "Data\PlexCommerce.Data.csproj", "{5F96C230-9FED-4B75-B796-F48C1F39BA26}"
EndProject
Project("{2150E333-8FDC-42A3-9474-1A3956D46DE8}") = "Misc", "Misc", "{8252E2D4-D5D4-48C1-8F63-3E0549A72DC1}"
EndProject
Project("{FAE04EC0-301F-11D3-BF4B-00C04F79EFBC}") = "PlexCommerce.InitialData", "Misc\PlexCommerce.InitialData\PlexCommerce.InitialData.csproj", "{B89B6331-0D60-45C2-8DDA-1871AFDC1A06}"
EndProject
Global
	GlobalSection(SolutionConfigurationPlatforms) = preSolution
		Debug|Any CPU = Debug|Any CPU
		Release|Any CPU = Release|Any CPU
	EndGlobalSection
	GlobalSection(ProjectConfigurationPlatforms) = postSolution
		{069B03B8-F196-4F43-A246-CD33CC468F4C}.Debug|Any CPU.ActiveCfg = Debug|Any CPU
		{069B03B8-F196-4F43-A246-CD33CC468F4C}.Debug|Any CPU.Build.0 = Debug|Any CPU
		{069B03B8-F196-4F43-A246-CD33CC468F4C}.Release|Any CPU.ActiveCfg = Release|Any CPU
		{069B03B8-F196-4F43-A246-CD33CC468F4C}.Release|Any CPU.Build.0 = Release|Any CPU
		{5F96C230-9FED-4B75-B796-F48C1F39BA26}.Debug|Any CPU.ActiveCfg = Debug|Any CPU
		{5F96C230-9FED-4B75-B796-F48C1F39BA26}.Debug|Any CPU.Build.0 = Debug|Any CPU
		{5F96C230-9FED-4B75-B796-F48C1F39BA26}.Release|Any CPU.ActiveCfg = Release|Any CPU
		{5F96C230-9FED-4B75-B796-F48C1F39BA26}.Release|Any CPU.Build.0 = Release|Any CPU
		{B89B6331-0D60-45C2-8DDA-1871AFDC1A06}.Debug|Any CPU.ActiveCfg = Debug|Any CPU
		{B89B6331-0D60-45C2-8DDA-1871AFDC1A06}.Debug|Any CPU.Build.0 = Debug|Any CPU
		{B89B6331-0D60-45C2-8DDA-1871AFDC1A06}.Release|Any CPU.ActiveCfg = Release|Any CPU
		{B89B6331-0D60-45C2-8DDA-1871AFDC1A06}.Release|Any CPU.Build.0 = Release|Any CPU
	EndGlobalSection
	GlobalSection(SolutionProperties) = preSolution
		HideSolutionNode = FALSE
	EndGlobalSection
	GlobalSection(NestedProjects) = preSolution
		{B89B6331-0D60-45C2-8DDA-1871AFDC1A06} = {8252E2D4-D5D4-48C1-8F63-3E0549A72DC1}
	EndGlobalSection
EndGlobal
